{
  "name": "ORC-master",
  "lockfileVersion": 3,
  "requires": true,
  "packages": {
    "": {
      "dependencies": {
        "@sanity/asset-utils": "^2.3.0"
      }
    },
    "node_modules/@sanity/asset-utils": {
      "version": "2.3.0",
      "resolved": "https://registry.npmjs.org/@sanity/asset-utils/-/asset-utils-2.3.0.tgz",
      "integrity": "sha512-dlEmALjQ5iyQG0O8ZVmkkE3wUYCKfRmiyMvuuGN5SF9buAHxmseBOKJ/Iy2DU/8ef70mtUXlzeCRSlTN/nmZsg==",
      "license": "MIT",
      "engines": {
        "node": ">=18"
      }
    }
  }
}
